
Microsoft Visual Studio Solution File, Format Version 12.00
# Visual Studio 15
VisualStudioVersion = 15.0.28307.2092
MinimumVisualStudioVersion = 10.0.40219.1
Project("{F184B08F-C81C-45F6-A57F-5ABD9991F28F}") = "Laundry Management System", "Laundry Management System\Laundry Management System.vbproj", "{84FBBEC4-F423-4602-8A69-4A392FF9B4CD}"
EndProject
Project("{F184B08F-C81C-45F6-A57F-5ABD9991F28F}") = "Laundry Management System WebApp", "Laundry Management System WebApp\Laundry Management System WebApp.vbproj", "{CD8E53D2-B177-494B-AE08-1CEEF98E43D7}"
EndProject
Global
	GlobalSection(SolutionConfigurationPlatforms) = preSolution
		Debug|Any CPU = Debug|Any CPU
		Release|Any CPU = Release|Any CPU
	EndGlobalSection
	GlobalSection(ProjectConfigurationPlatforms) = postSolution
		{84FBBEC4-F423-4602-8A69-4A392FF9B4CD}.Debug|Any CPU.ActiveCfg = Debug|Any CPU
		{84FBBEC4-F423-4602-8A69-4A392FF9B4CD}.Debug|Any CPU.Build.0 = Debug|Any CPU
		{84FBBEC4-F423-4602-8A69-4A392FF9B4CD}.Release|Any CPU.ActiveCfg = Release|Any CPU
		{84FBBEC4-F423-4602-8A69-4A392FF9B4CD}.Release|Any CPU.Build.0 = Release|Any CPU
		{CD8E53D2-B177-494B-AE08-1CEEF98E43D7}.Debug|Any CPU.ActiveCfg = Debug|Any CPU
		{CD8E53D2-B177-494B-AE08-1CEEF98E43D7}.Debug|Any CPU.Build.0 = Debug|Any CPU
		{CD8E53D2-B177-494B-AE08-1CEEF98E43D7}.Release|Any CPU.ActiveCfg = Release|Any CPU
		{CD8E53D2-B177-494B-AE08-1CEEF98E43D7}.Release|Any CPU.Build.0 = Release|Any CPU
	EndGlobalSection
	GlobalSection(SolutionProperties) = preSolution
		HideSolutionNode = FALSE
	EndGlobalSection
	GlobalSection(ExtensibilityGlobals) = postSolution
		SolutionGuid = {BA0E833A-880E-4CD9-97DE-17DE2B615504}
	EndGlobalSection
EndGlobal
